
Microsoft Visual Studio Solution File, Format Version 12.00
# Visual Studio Express 2013 for Web
VisualStudioVersion = 12.0.30501.0
MinimumVisualStudioVersion = 10.0.40219.1
Project("{FAE04EC0-301F-11D3-BF4B-00C04F79EFBC}") = "MvcApplication2", "MvcApplication2\MvcApplication2.csproj", "{4742B207-5C5A-4752-BB17-87DA8F062D54}"
EndProject
Project("{FAE04EC0-301F-11D3-BF4B-00C04F79EFBC}") = "MvcApplication2.Tests", "MvcApplication2.Tests\MvcApplication2.Tests.csproj", "{93DCDE62-6E8C-4059-99DE-E41DB3992AAD}"
EndProject
Project("{FAE04EC0-301F-11D3-BF4B-00C04F79EFBC}") = "MvcApplication2.Domain", "MvcApplication2.Domain\MvcApplication2.Domain.csproj", "{615130A6-A1CC-4DAD-B73E-6C585293E345}"
EndProject
Project("{FAE04EC0-301F-11D3-BF4B-00C04F79EFBC}") = "MvcApplication2.DomainTests", "MvcApplication2.DomainTests\MvcApplication2.DomainTests.csproj", "{49A86929-D7CC-4BB7-83F4-D6CAF2E34914}"
EndProject
Project("{FAE04EC0-301F-11D3-BF4B-00C04F79EFBC}") = "FileStorage", "FileStorage\FileStorage.csproj", "{34700690-2C8F-4597-A347-26DEB06A0AE7}"
EndProject
Project("{FAE04EC0-301F-11D3-BF4B-00C04F79EFBC}") = "FileStorage.Tests", "FileStorage.Tests\FileStorage.Tests.csproj", "{1DF52560-557D-4442-ABED-A6F1D0890A9E}"
EndProject
Project("{FAE04EC0-301F-11D3-BF4B-00C04F79EFBC}") = "MyApp", "MyApp\MyApp.csproj", "{712F1698-B160-4EE9-9646-88D8FA048F55}"
EndProject
Project("{2150E333-8FDC-42A3-9474-1A3956D46DE8}") = ".nuget", ".nuget", "{7F97B023-A608-428D-A890-86578DB173F4}"
	ProjectSection(SolutionItems) = preProject
		.nuget\NuGet.Config = .nuget\NuGet.Config
		.nuget\NuGet.exe = .nuget\NuGet.exe
		.nuget\NuGet.targets = .nuget\NuGet.targets
	EndProjectSection
EndProject
Project("{2150E333-8FDC-42A3-9474-1A3956D46DE8}") = "Domain", "Domain", "{B4CF4091-AF3A-42B3-98F8-F56BEF1A4E8E}"
EndProject
Project("{2150E333-8FDC-42A3-9474-1A3956D46DE8}") = "Web App", "Web App", "{182BE138-A6E2-446A-BB81-29219523C7D4}"
EndProject
Project("{2150E333-8FDC-42A3-9474-1A3956D46DE8}") = "Infrastructure", "Infrastructure", "{8730902D-EBE4-46A3-88F4-889FE99C1DE1}"
EndProject
Project("{2150E333-8FDC-42A3-9474-1A3956D46DE8}") = "DDD", "DDD", "{F6BFC202-876B-4AD3-8269-C4357A9D4461}"
EndProject
Project("{FAE04EC0-301F-11D3-BF4B-00C04F79EFBC}") = "DDDSkeleton", "DDDSkeleton\DDDSkeleton.csproj", "{22E5B8FE-7A2D-4A0F-A667-5F02274965DC}"
EndProject
Project("{FAE04EC0-301F-11D3-BF4B-00C04F79EFBC}") = "DDDSkeletonTest", "DDDSkeletonTest\DDDSkeletonTest.csproj", "{CCA8B54E-D99A-467D-9B47-B158A1CC7FDB}"
EndProject
Project("{FAE04EC0-301F-11D3-BF4B-00C04F79EFBC}") = "MessageQ", "MessageQ\MessageQ.csproj", "{A985133A-61C3-43D6-8227-FD29C8BBEFE3}"
EndProject
Project("{FAE04EC0-301F-11D3-BF4B-00C04F79EFBC}") = "MessageQ.Publish", "MessageQ.Publish\MessageQ.Publish.csproj", "{5B58A649-8B67-43FF-9701-9DF3CAFB3A6C}"
EndProject
Project("{2150E333-8FDC-42A3-9474-1A3956D46DE8}") = "Solution Items", "Solution Items", "{01BF2AF3-575E-49B7-8A4A-5355C188D88F}"
	ProjectSection(SolutionItems) = preProject
		README.md = README.md
	EndProjectSection
EndProject
Project("{FAE04EC0-301F-11D3-BF4B-00C04F79EFBC}") = "EventBus", "PubSub\EventBus.csproj", "{00F3EB7A-FFBC-473F-A423-AF942D80728A}"
EndProject
Project("{FAE04EC0-301F-11D3-BF4B-00C04F79EFBC}") = "EventBus.Tests", "EventBus.Tests\EventBus.Tests.csproj", "{78194FE9-E093-4514-A8BE-784ECB194A6B}"
EndProject
Project("{FAE04EC0-301F-11D3-BF4B-00C04F79EFBC}") = "Web", "Web\Web.csproj", "{6B3CFF32-7329-4E2E-BEEA-5D9431E51284}"
	ProjectSection(ProjectDependencies) = postProject
		{A985133A-61C3-43D6-8227-FD29C8BBEFE3} = {A985133A-61C3-43D6-8227-FD29C8BBEFE3}
		{00F3EB7A-FFBC-473F-A423-AF942D80728A} = {00F3EB7A-FFBC-473F-A423-AF942D80728A}
		{615130A6-A1CC-4DAD-B73E-6C585293E345} = {615130A6-A1CC-4DAD-B73E-6C585293E345}
	EndProjectSection
EndProject
Project("{FAE04EC0-301F-11D3-BF4B-00C04F79EFBC}") = "Web.Tests", "Web.Tests\Web.Tests.csproj", "{3D7B65CD-9CB4-46B4-ACF4-61BDC7AD03BE}"
EndProject
Global
	GlobalSection(SolutionConfigurationPlatforms) = preSolution
		Debug|Any CPU = Debug|Any CPU
		Deploy|Any CPU = Deploy|Any CPU
		Release|Any CPU = Release|Any CPU
	EndGlobalSection
	GlobalSection(ProjectConfigurationPlatforms) = postSolution
		{4742B207-5C5A-4752-BB17-87DA8F062D54}.Debug|Any CPU.ActiveCfg = Debug|Any CPU
		{4742B207-5C5A-4752-BB17-87DA8F062D54}.Debug|Any CPU.Build.0 = Debug|Any CPU
		{4742B207-5C5A-4752-BB17-87DA8F062D54}.Deploy|Any CPU.ActiveCfg = Deploy|Any CPU
		{4742B207-5C5A-4752-BB17-87DA8F062D54}.Deploy|Any CPU.Build.0 = Deploy|Any CPU
		{4742B207-5C5A-4752-BB17-87DA8F062D54}.Release|Any CPU.ActiveCfg = Release|Any CPU
		{4742B207-5C5A-4752-BB17-87DA8F062D54}.Release|Any CPU.Build.0 = Release|Any CPU
		{4742B207-5C5A-4752-BB17-87DA8F062D54}.Release|Any CPU.Deploy.0 = Release|Any CPU
		{93DCDE62-6E8C-4059-99DE-E41DB3992AAD}.Debug|Any CPU.ActiveCfg = Debug|Any CPU
		{93DCDE62-6E8C-4059-99DE-E41DB3992AAD}.Debug|Any CPU.Build.0 = Debug|Any CPU
		{93DCDE62-6E8C-4059-99DE-E41DB3992AAD}.Deploy|Any CPU.ActiveCfg = Deploy|Any CPU
		{93DCDE62-6E8C-4059-99DE-E41DB3992AAD}.Deploy|Any CPU.Build.0 = Deploy|Any CPU
		{93DCDE62-6E8C-4059-99DE-E41DB3992AAD}.Release|Any CPU.ActiveCfg = Release|Any CPU
		{93DCDE62-6E8C-4059-99DE-E41DB3992AAD}.Release|Any CPU.Build.0 = Release|Any CPU
		{615130A6-A1CC-4DAD-B73E-6C585293E345}.Debug|Any CPU.ActiveCfg = Debug|Any CPU
		{615130A6-A1CC-4DAD-B73E-6C585293E345}.Debug|Any CPU.Build.0 = Debug|Any CPU
		{615130A6-A1CC-4DAD-B73E-6C585293E345}.Deploy|Any CPU.ActiveCfg = Deploy|Any CPU
		{615130A6-A1CC-4DAD-B73E-6C585293E345}.Deploy|Any CPU.Build.0 = Deploy|Any CPU
		{615130A6-A1CC-4DAD-B73E-6C585293E345}.Release|Any CPU.ActiveCfg = Release|Any CPU
		{615130A6-A1CC-4DAD-B73E-6C585293E345}.Release|Any CPU.Build.0 = Release|Any CPU
		{49A86929-D7CC-4BB7-83F4-D6CAF2E34914}.Debug|Any CPU.ActiveCfg = Debug|Any CPU
		{49A86929-D7CC-4BB7-83F4-D6CAF2E34914}.Debug|Any CPU.Build.0 = Debug|Any CPU
		{49A86929-D7CC-4BB7-83F4-D6CAF2E34914}.Deploy|Any CPU.ActiveCfg = Deploy|Any CPU
		{49A86929-D7CC-4BB7-83F4-D6CAF2E34914}.Deploy|Any CPU.Build.0 = Deploy|Any CPU
		{49A86929-D7CC-4BB7-83F4-D6CAF2E34914}.Release|Any CPU.ActiveCfg = Release|Any CPU
		{49A86929-D7CC-4BB7-83F4-D6CAF2E34914}.Release|Any CPU.Build.0 = Release|Any CPU
		{34700690-2C8F-4597-A347-26DEB06A0AE7}.Debug|Any CPU.ActiveCfg = Debug|Any CPU
		{34700690-2C8F-4597-A347-26DEB06A0AE7}.Debug|Any CPU.Build.0 = Debug|Any CPU
		{34700690-2C8F-4597-A347-26DEB06A0AE7}.Deploy|Any CPU.ActiveCfg = Deploy|Any CPU
		{34700690-2C8F-4597-A347-26DEB06A0AE7}.Deploy|Any CPU.Build.0 = Deploy|Any CPU
		{34700690-2C8F-4597-A347-26DEB06A0AE7}.Release|Any CPU.ActiveCfg = Release|Any CPU
		{34700690-2C8F-4597-A347-26DEB06A0AE7}.Release|Any CPU.Build.0 = Release|Any CPU
		{1DF52560-557D-4442-ABED-A6F1D0890A9E}.Debug|Any CPU.ActiveCfg = Debug|Any CPU
		{1DF52560-557D-4442-ABED-A6F1D0890A9E}.Debug|Any CPU.Build.0 = Debug|Any CPU
		{1DF52560-557D-4442-ABED-A6F1D0890A9E}.Deploy|Any CPU.ActiveCfg = Deploy|Any CPU
		{1DF52560-557D-4442-ABED-A6F1D0890A9E}.Deploy|Any CPU.Build.0 = Deploy|Any CPU
		{1DF52560-557D-4442-ABED-A6F1D0890A9E}.Release|Any CPU.ActiveCfg = Release|Any CPU
		{1DF52560-557D-4442-ABED-A6F1D0890A9E}.Release|Any CPU.Build.0 = Release|Any CPU
		{712F1698-B160-4EE9-9646-88D8FA048F55}.Debug|Any CPU.ActiveCfg = Debug|Any CPU
		{712F1698-B160-4EE9-9646-88D8FA048F55}.Debug|Any CPU.Build.0 = Debug|Any CPU
		{712F1698-B160-4EE9-9646-88D8FA048F55}.Deploy|Any CPU.ActiveCfg = Deploy|Any CPU
		{712F1698-B160-4EE9-9646-88D8FA048F55}.Deploy|Any CPU.Build.0 = Deploy|Any CPU
		{712F1698-B160-4EE9-9646-88D8FA048F55}.Release|Any CPU.ActiveCfg = Release|Any CPU
		{712F1698-B160-4EE9-9646-88D8FA048F55}.Release|Any CPU.Build.0 = Release|Any CPU
		{22E5B8FE-7A2D-4A0F-A667-5F02274965DC}.Debug|Any CPU.ActiveCfg = Debug|Any CPU
		{22E5B8FE-7A2D-4A0F-A667-5F02274965DC}.Debug|Any CPU.Build.0 = Debug|Any CPU
		{22E5B8FE-7A2D-4A0F-A667-5F02274965DC}.Deploy|Any CPU.ActiveCfg = Deploy|Any CPU
		{22E5B8FE-7A2D-4A0F-A667-5F02274965DC}.Deploy|Any CPU.Build.0 = Deploy|Any CPU
		{22E5B8FE-7A2D-4A0F-A667-5F02274965DC}.Release|Any CPU.ActiveCfg = Release|Any CPU
		{22E5B8FE-7A2D-4A0F-A667-5F02274965DC}.Release|Any CPU.Build.0 = Release|Any CPU
		{CCA8B54E-D99A-467D-9B47-B158A1CC7FDB}.Debug|Any CPU.ActiveCfg = Debug|Any CPU
		{CCA8B54E-D99A-467D-9B47-B158A1CC7FDB}.Debug|Any CPU.Build.0 = Debug|Any CPU
		{CCA8B54E-D99A-467D-9B47-B158A1CC7FDB}.Deploy|Any CPU.ActiveCfg = Deploy|Any CPU
		{CCA8B54E-D99A-467D-9B47-B158A1CC7FDB}.Deploy|Any CPU.Build.0 = Deploy|Any CPU
		{CCA8B54E-D99A-467D-9B47-B158A1CC7FDB}.Release|Any CPU.ActiveCfg = Release|Any CPU
		{CCA8B54E-D99A-467D-9B47-B158A1CC7FDB}.Release|Any CPU.Build.0 = Release|Any CPU
		{A985133A-61C3-43D6-8227-FD29C8BBEFE3}.Debug|Any CPU.ActiveCfg = Debug|Any CPU
		{A985133A-61C3-43D6-8227-FD29C8BBEFE3}.Debug|Any CPU.Build.0 = Debug|Any CPU
		{A985133A-61C3-43D6-8227-FD29C8BBEFE3}.Deploy|Any CPU.ActiveCfg = Deploy|Any CPU
		{A985133A-61C3-43D6-8227-FD29C8BBEFE3}.Deploy|Any CPU.Build.0 = Deploy|Any CPU
		{A985133A-61C3-43D6-8227-FD29C8BBEFE3}.Release|Any CPU.ActiveCfg = Release|Any CPU
		{A985133A-61C3-43D6-8227-FD29C8BBEFE3}.Release|Any CPU.Build.0 = Release|Any CPU
		{5B58A649-8B67-43FF-9701-9DF3CAFB3A6C}.Debug|Any CPU.ActiveCfg = Debug|Any CPU
		{5B58A649-8B67-43FF-9701-9DF3CAFB3A6C}.Debug|Any CPU.Build.0 = Debug|Any CPU
		{5B58A649-8B67-43FF-9701-9DF3CAFB3A6C}.Deploy|Any CPU.ActiveCfg = Deploy|Any CPU
		{5B58A649-8B67-43FF-9701-9DF3CAFB3A6C}.Release|Any CPU.ActiveCfg = Release|Any CPU
		{5B58A649-8B67-43FF-9701-9DF3CAFB3A6C}.Release|Any CPU.Build.0 = Release|Any CPU
		{00F3EB7A-FFBC-473F-A423-AF942D80728A}.Debug|Any CPU.ActiveCfg = Debug|Any CPU
		{00F3EB7A-FFBC-473F-A423-AF942D80728A}.Debug|Any CPU.Build.0 = Debug|Any CPU
		{00F3EB7A-FFBC-473F-A423-AF942D80728A}.Deploy|Any CPU.ActiveCfg = Deploy|Any CPU
		{00F3EB7A-FFBC-473F-A423-AF942D80728A}.Deploy|Any CPU.Build.0 = Deploy|Any CPU
		{00F3EB7A-FFBC-473F-A423-AF942D80728A}.Release|Any CPU.ActiveCfg = Release|Any CPU
		{00F3EB7A-FFBC-473F-A423-AF942D80728A}.Release|Any CPU.Build.0 = Release|Any CPU
		{78194FE9-E093-4514-A8BE-784ECB194A6B}.Debug|Any CPU.ActiveCfg = Debug|Any CPU
		{78194FE9-E093-4514-A8BE-784ECB194A6B}.Debug|Any CPU.Build.0 = Debug|Any CPU
		{78194FE9-E093-4514-A8BE-784ECB194A6B}.Deploy|Any CPU.ActiveCfg = Deploy|Any CPU
		{78194FE9-E093-4514-A8BE-784ECB194A6B}.Deploy|Any CPU.Build.0 = Deploy|Any CPU
		{78194FE9-E093-4514-A8BE-784ECB194A6B}.Release|Any CPU.ActiveCfg = Release|Any CPU
		{78194FE9-E093-4514-A8BE-784ECB194A6B}.Release|Any CPU.Build.0 = Release|Any CPU
		{6B3CFF32-7329-4E2E-BEEA-5D9431E51284}.Debug|Any CPU.ActiveCfg = Debug|Any CPU
		{6B3CFF32-7329-4E2E-BEEA-5D9431E51284}.Debug|Any CPU.Build.0 = Debug|Any CPU
		{6B3CFF32-7329-4E2E-BEEA-5D9431E51284}.Deploy|Any CPU.ActiveCfg = Deploy|Any CPU
		{6B3CFF32-7329-4E2E-BEEA-5D9431E51284}.Deploy|Any CPU.Build.0 = Deploy|Any CPU
		{6B3CFF32-7329-4E2E-BEEA-5D9431E51284}.Release|Any CPU.ActiveCfg = Release|Any CPU
		{6B3CFF32-7329-4E2E-BEEA-5D9431E51284}.Release|Any CPU.Build.0 = Release|Any CPU
		{3D7B65CD-9CB4-46B4-ACF4-61BDC7AD03BE}.Debug|Any CPU.ActiveCfg = Debug|Any CPU
		{3D7B65CD-9CB4-46B4-ACF4-61BDC7AD03BE}.Debug|Any CPU.Build.0 = Debug|Any CPU
		{3D7B65CD-9CB4-46B4-ACF4-61BDC7AD03BE}.Deploy|Any CPU.ActiveCfg = Deploy|Any CPU
		{3D7B65CD-9CB4-46B4-ACF4-61BDC7AD03BE}.Deploy|Any CPU.Build.0 = Deploy|Any CPU
		{3D7B65CD-9CB4-46B4-ACF4-61BDC7AD03BE}.Release|Any CPU.ActiveCfg = Release|Any CPU
		{3D7B65CD-9CB4-46B4-ACF4-61BDC7AD03BE}.Release|Any CPU.Build.0 = Release|Any CPU
	EndGlobalSection
	GlobalSection(SolutionProperties) = preSolution
		HideSolutionNode = FALSE
	EndGlobalSection
	GlobalSection(NestedProjects) = preSolution
		{4742B207-5C5A-4752-BB17-87DA8F062D54} = {182BE138-A6E2-446A-BB81-29219523C7D4}
		{93DCDE62-6E8C-4059-99DE-E41DB3992AAD} = {182BE138-A6E2-446A-BB81-29219523C7D4}
		{615130A6-A1CC-4DAD-B73E-6C585293E345} = {B4CF4091-AF3A-42B3-98F8-F56BEF1A4E8E}
		{49A86929-D7CC-4BB7-83F4-D6CAF2E34914} = {B4CF4091-AF3A-42B3-98F8-F56BEF1A4E8E}
		{34700690-2C8F-4597-A347-26DEB06A0AE7} = {8730902D-EBE4-46A3-88F4-889FE99C1DE1}
		{1DF52560-557D-4442-ABED-A6F1D0890A9E} = {8730902D-EBE4-46A3-88F4-889FE99C1DE1}
		{712F1698-B160-4EE9-9646-88D8FA048F55} = {8730902D-EBE4-46A3-88F4-889FE99C1DE1}
		{22E5B8FE-7A2D-4A0F-A667-5F02274965DC} = {F6BFC202-876B-4AD3-8269-C4357A9D4461}
		{CCA8B54E-D99A-467D-9B47-B158A1CC7FDB} = {F6BFC202-876B-4AD3-8269-C4357A9D4461}
		{A985133A-61C3-43D6-8227-FD29C8BBEFE3} = {8730902D-EBE4-46A3-88F4-889FE99C1DE1}
		{5B58A649-8B67-43FF-9701-9DF3CAFB3A6C} = {8730902D-EBE4-46A3-88F4-889FE99C1DE1}
		{00F3EB7A-FFBC-473F-A423-AF942D80728A} = {8730902D-EBE4-46A3-88F4-889FE99C1DE1}
		{78194FE9-E093-4514-A8BE-784ECB194A6B} = {8730902D-EBE4-46A3-88F4-889FE99C1DE1}
		{6B3CFF32-7329-4E2E-BEEA-5D9431E51284} = {182BE138-A6E2-446A-BB81-29219523C7D4}
		{3D7B65CD-9CB4-46B4-ACF4-61BDC7AD03BE} = {182BE138-A6E2-446A-BB81-29219523C7D4}
	EndGlobalSection
EndGlobal
